
Microsoft Visual Studio Solution File, Format Version 12.00
# Visual Studio Version 16
VisualStudioVersion = 16.0.29306.81
MinimumVisualStudioVersion = 10.0.40219.1
Project("{FAE04EC0-301F-11D3-BF4B-00C04F79EFBC}") = "Opdracht1", "Opdracht1\Opdracht1.csproj", "{A8168D55-E551-4E2B-A1D8-47BDB7C181F0}"
EndProject
Global
	GlobalSection(SolutionConfigurationPlatforms) = preSolution
		Debug|Any CPU = Debug|Any CPU
		Release|Any CPU = Release|Any CPU
	EndGlobalSection
	GlobalSection(ProjectConfigurationPlatforms) = postSolution
		{A8168D55-E551-4E2B-A1D8-47BDB7C181F0}.Debug|Any CPU.ActiveCfg = Debug|Any CPU
		{A8168D55-E551-4E2B-A1D8-47BDB7C181F0}.Debug|Any CPU.Build.0 = Debug|Any CPU
		{A8168D55-E551-4E2B-A1D8-47BDB7C181F0}.Release|Any CPU.ActiveCfg = Release|Any CPU
		{A8168D55-E551-4E2B-A1D8-47BDB7C181F0}.Release|Any CPU.Build.0 = Release|Any CPU
	EndGlobalSection
	GlobalSection(SolutionProperties) = preSolution
		HideSolutionNode = FALSE
	EndGlobalSection
	GlobalSection(ExtensibilityGlobals) = postSolution
		SolutionGuid = {812A1783-36E1-45C4-A484-4BE74A505F5E}
	EndGlobalSection
EndGlobal
